
Microsoft Visual Studio Solution File, Format Version 12.00
# Visual Studio Version 17
VisualStudioVersion = 17.5.002.0
MinimumVisualStudioVersion = 10.0.40219.1
Project("{9A19103F-16F7-4668-BE54-9A1E7A4F7556}") = "MyConsoleApp", "HelloWorldApp\MyConsoleApp.csproj", "{CC893DE6-1F70-421B-87AB-482A4DFBCCA6}"
EndProject
Global
	GlobalSection(SolutionConfigurationPlatforms) = preSolution
		Debug|Any CPU = Debug|Any CPU
		Release|Any CPU = Release|Any CPU
	EndGlobalSection
	GlobalSection(ProjectConfigurationPlatforms) = postSolution
		{CC893DE6-1F70-421B-87AB-482A4DFBCCA6}.Debug|Any CPU.ActiveCfg = Debug|Any CPU
		{CC893DE6-1F70-421B-87AB-482A4DFBCCA6}.Debug|Any CPU.Build.0 = Debug|Any CPU
		{CC893DE6-1F70-421B-87AB-482A4DFBCCA6}.Release|Any CPU.ActiveCfg = Release|Any CPU
		{CC893DE6-1F70-421B-87AB-482A4DFBCCA6}.Release|Any CPU.Build.0 = Release|Any CPU
	EndGlobalSection
	GlobalSection(SolutionProperties) = preSolution
		HideSolutionNode = FALSE
	EndGlobalSection
	GlobalSection(ExtensibilityGlobals) = postSolution
		SolutionGuid = {2E8CCC22-BCC7-4F84-9E0F-5817C384CC9E}
	EndGlobalSection
EndGlobal
